{
  "requires": true,
  "lockfileVersion": 1,
  "dependencies": {
    "@adobe/aem-react-editable-components": {
      "version": "file:../../../other/aem-react-editable-components",
      "requires": {
        "path-browserify": "^1.0.1",
        "prop-types": "^15.7.2",
        "react-fast-compare": "^3.0.0"
      }
    }
  }
}
